
Microsoft Visual Studio Solution File, Format Version 12.00
# Visual Studio Version 17
VisualStudioVersion = 17.4.33403.182
MinimumVisualStudioVersion = 10.0.40219.1
Project("{2150E333-8FDC-42A3-9474-1A3956D46DE8}") = "Services", "Services", "{3612F450-6434-48C8-8835-2F1202F44576}"
EndProject
Project("{2150E333-8FDC-42A3-9474-1A3956D46DE8}") = "Catalog", "Catalog", "{33959411-8B4B-44CB-BF16-A0CB35BDDA3D}"
EndProject
Project("{9A19103F-16F7-4668-BE54-9A1E7A4F7556}") = "FreeCourse.Services.Catalog", "Services\Catalog\FreeCourse.Services.Catalog\FreeCourse.Services.Catalog.csproj", "{F710C2AA-3747-4CFF-9048-18747C370695}"
EndProject
Project("{2150E333-8FDC-42A3-9474-1A3956D46DE8}") = "Shared", "Shared", "{AD8E280C-262B-4938-B4F1-D1B01328B2A9}"
EndProject
Project("{9A19103F-16F7-4668-BE54-9A1E7A4F7556}") = "FreeCourse.Shared", "Shared\FreeCourse.Shared\FreeCourse.Shared.csproj", "{EA93FCCD-3CFB-40EF-A447-4B8E8DC7D5AD}"
EndProject
Global
	GlobalSection(SolutionConfigurationPlatforms) = preSolution
		Debug|Any CPU = Debug|Any CPU
		Release|Any CPU = Release|Any CPU
	EndGlobalSection
	GlobalSection(ProjectConfigurationPlatforms) = postSolution
		{F710C2AA-3747-4CFF-9048-18747C370695}.Debug|Any CPU.ActiveCfg = Debug|Any CPU
		{F710C2AA-3747-4CFF-9048-18747C370695}.Debug|Any CPU.Build.0 = Debug|Any CPU
		{F710C2AA-3747-4CFF-9048-18747C370695}.Release|Any CPU.ActiveCfg = Release|Any CPU
		{F710C2AA-3747-4CFF-9048-18747C370695}.Release|Any CPU.Build.0 = Release|Any CPU
		{EA93FCCD-3CFB-40EF-A447-4B8E8DC7D5AD}.Debug|Any CPU.ActiveCfg = Debug|Any CPU
		{EA93FCCD-3CFB-40EF-A447-4B8E8DC7D5AD}.Debug|Any CPU.Build.0 = Debug|Any CPU
		{EA93FCCD-3CFB-40EF-A447-4B8E8DC7D5AD}.Release|Any CPU.ActiveCfg = Release|Any CPU
		{EA93FCCD-3CFB-40EF-A447-4B8E8DC7D5AD}.Release|Any CPU.Build.0 = Release|Any CPU
	EndGlobalSection
	GlobalSection(SolutionProperties) = preSolution
		HideSolutionNode = FALSE
	EndGlobalSection
	GlobalSection(NestedProjects) = preSolution
		{33959411-8B4B-44CB-BF16-A0CB35BDDA3D} = {3612F450-6434-48C8-8835-2F1202F44576}
		{F710C2AA-3747-4CFF-9048-18747C370695} = {33959411-8B4B-44CB-BF16-A0CB35BDDA3D}
		{EA93FCCD-3CFB-40EF-A447-4B8E8DC7D5AD} = {AD8E280C-262B-4938-B4F1-D1B01328B2A9}
	EndGlobalSection
	GlobalSection(ExtensibilityGlobals) = postSolution
		SolutionGuid = {50C8E8B3-86E0-48BD-99D5-E7448461DA6A}
	EndGlobalSection
EndGlobal
