
Microsoft Visual Studio Solution File, Format Version 12.00
# Visual Studio Version 17
VisualStudioVersion = 17.4.33403.182
MinimumVisualStudioVersion = 10.0.40219.1
Project("{2150E333-8FDC-42A3-9474-1A3956D46DE8}") = "Services", "Services", "{711EE624-43F5-4E84-BF0A-1594FB505978}"
EndProject
Project("{2150E333-8FDC-42A3-9474-1A3956D46DE8}") = "Catalog", "Catalog", "{13AEB08B-CBA5-499E-9054-DD2F849054F9}"
EndProject
Project("{9A19103F-16F7-4668-BE54-9A1E7A4F7556}") = "FreeCourse.Services.Catalog", "Services\Catalog\FreeCourse.Services.Catalog\FreeCourse.Services.Catalog.csproj", "{C515CA67-8273-45E0-A0ED-FB9EA3A94765}"
EndProject
Project("{2150E333-8FDC-42A3-9474-1A3956D46DE8}") = "Solution Items", "Solution Items", "{1F42246D-FAE9-4663-9DF1-7BDDCBCC3109}"
	ProjectSection(SolutionItems) = preProject
		Ports.txt = Ports.txt
	EndProjectSection
EndProject
Project("{2150E333-8FDC-42A3-9474-1A3956D46DE8}") = "Shared", "Shared", "{C49E63DC-C7FA-4EBD-91BE-92A811640207}"
EndProject
Project("{2150E333-8FDC-42A3-9474-1A3956D46DE8}") = "FreeCourse.Shared", "FreeCourse.Shared", "{D6A5D7EA-EB55-4ACF-9515-31ABE476A6EF}"
EndProject
Project("{9A19103F-16F7-4668-BE54-9A1E7A4F7556}") = "FreeCourse.Shared", "Shared\FreeCourse.Shared\FreeCourse.Shared.csproj", "{D8E7AFDA-1D11-4AA6-87FB-3E68A2CB80C8}"
EndProject
Project("{2150E333-8FDC-42A3-9474-1A3956D46DE8}") = "IdentityServer", "IdentityServer", "{A16AA371-0333-4D22-A1BB-B00F1B240AAB}"
EndProject
Project("{9A19103F-16F7-4668-BE54-9A1E7A4F7556}") = "FreeCourse.IdentityServer", "IdentityServer\FreeCourse.IdentityServer\FreeCourse.IdentityServer.csproj", "{7BF1BF5B-41D2-47F3-BF59-F4EDF60984C9}"
EndProject
Global
	GlobalSection(SolutionConfigurationPlatforms) = preSolution
		Debug|Any CPU = Debug|Any CPU
		Release|Any CPU = Release|Any CPU
	EndGlobalSection
	GlobalSection(ProjectConfigurationPlatforms) = postSolution
		{C515CA67-8273-45E0-A0ED-FB9EA3A94765}.Debug|Any CPU.ActiveCfg = Debug|Any CPU
		{C515CA67-8273-45E0-A0ED-FB9EA3A94765}.Debug|Any CPU.Build.0 = Debug|Any CPU
		{C515CA67-8273-45E0-A0ED-FB9EA3A94765}.Release|Any CPU.ActiveCfg = Release|Any CPU
		{C515CA67-8273-45E0-A0ED-FB9EA3A94765}.Release|Any CPU.Build.0 = Release|Any CPU
		{D8E7AFDA-1D11-4AA6-87FB-3E68A2CB80C8}.Debug|Any CPU.ActiveCfg = Debug|Any CPU
		{D8E7AFDA-1D11-4AA6-87FB-3E68A2CB80C8}.Debug|Any CPU.Build.0 = Debug|Any CPU
		{D8E7AFDA-1D11-4AA6-87FB-3E68A2CB80C8}.Release|Any CPU.ActiveCfg = Release|Any CPU
		{D8E7AFDA-1D11-4AA6-87FB-3E68A2CB80C8}.Release|Any CPU.Build.0 = Release|Any CPU
		{7BF1BF5B-41D2-47F3-BF59-F4EDF60984C9}.Debug|Any CPU.ActiveCfg = Debug|Any CPU
		{7BF1BF5B-41D2-47F3-BF59-F4EDF60984C9}.Debug|Any CPU.Build.0 = Debug|Any CPU
		{7BF1BF5B-41D2-47F3-BF59-F4EDF60984C9}.Release|Any CPU.ActiveCfg = Release|Any CPU
		{7BF1BF5B-41D2-47F3-BF59-F4EDF60984C9}.Release|Any CPU.Build.0 = Release|Any CPU
	EndGlobalSection
	GlobalSection(SolutionProperties) = preSolution
		HideSolutionNode = FALSE
	EndGlobalSection
	GlobalSection(NestedProjects) = preSolution
		{13AEB08B-CBA5-499E-9054-DD2F849054F9} = {711EE624-43F5-4E84-BF0A-1594FB505978}
		{C515CA67-8273-45E0-A0ED-FB9EA3A94765} = {13AEB08B-CBA5-499E-9054-DD2F849054F9}
		{D6A5D7EA-EB55-4ACF-9515-31ABE476A6EF} = {C49E63DC-C7FA-4EBD-91BE-92A811640207}
		{D8E7AFDA-1D11-4AA6-87FB-3E68A2CB80C8} = {D6A5D7EA-EB55-4ACF-9515-31ABE476A6EF}
		{7BF1BF5B-41D2-47F3-BF59-F4EDF60984C9} = {A16AA371-0333-4D22-A1BB-B00F1B240AAB}
	EndGlobalSection
	GlobalSection(ExtensibilityGlobals) = postSolution
		SolutionGuid = {E559A228-7787-4629-8DD6-9E0581F2D2DB}
	EndGlobalSection
EndGlobal
