
Microsoft Visual Studio Solution File, Format Version 12.00
# Visual Studio Version 17
VisualStudioVersion = 17.4.33403.182
MinimumVisualStudioVersion = 10.0.40219.1
Project("{2150E333-8FDC-42A3-9474-1A3956D46DE8}") = "Services", "Services", "{A193D01F-DE0C-4565-BFC1-8CAD023C8451}"
EndProject
Project("{2150E333-8FDC-42A3-9474-1A3956D46DE8}") = "Catalog", "Catalog", "{DED07F9D-F2B7-4C31-AE6E-335EAEA7AFC6}"
EndProject
Project("{FAE04EC0-301F-11D3-BF4B-00C04F79EFBC}") = "FreeCourse.Services.Catalog", "Services\Catalog\FreeCourse.Services.Catalog\FreeCourse.Services.Catalog.csproj", "{8BEAD2FC-4EC4-4CD4-A296-6C3F5DD1F474}"
EndProject
Global
	GlobalSection(SolutionConfigurationPlatforms) = preSolution
		Debug|Any CPU = Debug|Any CPU
		Release|Any CPU = Release|Any CPU
	EndGlobalSection
	GlobalSection(ProjectConfigurationPlatforms) = postSolution
		{8BEAD2FC-4EC4-4CD4-A296-6C3F5DD1F474}.Debug|Any CPU.ActiveCfg = Debug|Any CPU
		{8BEAD2FC-4EC4-4CD4-A296-6C3F5DD1F474}.Debug|Any CPU.Build.0 = Debug|Any CPU
		{8BEAD2FC-4EC4-4CD4-A296-6C3F5DD1F474}.Release|Any CPU.ActiveCfg = Release|Any CPU
		{8BEAD2FC-4EC4-4CD4-A296-6C3F5DD1F474}.Release|Any CPU.Build.0 = Release|Any CPU
	EndGlobalSection
	GlobalSection(SolutionProperties) = preSolution
		HideSolutionNode = FALSE
	EndGlobalSection
	GlobalSection(NestedProjects) = preSolution
		{DED07F9D-F2B7-4C31-AE6E-335EAEA7AFC6} = {A193D01F-DE0C-4565-BFC1-8CAD023C8451}
		{8BEAD2FC-4EC4-4CD4-A296-6C3F5DD1F474} = {DED07F9D-F2B7-4C31-AE6E-335EAEA7AFC6}
	EndGlobalSection
	GlobalSection(ExtensibilityGlobals) = postSolution
		SolutionGuid = {C94AB58A-7641-4457-ACEC-E88176EE5BDC}
	EndGlobalSection
EndGlobal
